// !$*UTF8*$!
{
	archiveVersion = 1;
	classes = {
	};
	objectVersion = 50;
	objects = {

/* Begin PBXBuildFile section */
		022B924BF68FB597368A82D9 /* Pods_iOSImageRefinerUITests.framework in Frameworks */ = {isa = PBXBuildFile; fileRef = CC0F88FC597045EC82A41E38 /* Pods_iOSImageRefinerUITests.framework */; };
		5C2A1C13B9AE95F916652361 /* Pods_iOSImageRefiner.framework in Frameworks */ = {isa = PBXBuildFile; fileRef = C872EE3540E9CF85648CE3E3 /* Pods_iOSImageRefiner.framework */; };
		7AFCACB6D874E33127594D2B /* Pods_iOSImageRefinerTests.framework in Frameworks */ = {isa = PBXBuildFile; fileRef = D1E5C07C68DED0DB60DA0177 /* Pods_iOSImageRefinerTests.framework */; };
		9E7F5D0A20C78A88000FB172 /* ImageOptionsViewController.swift in Sources */ = {isa = PBXBuildFile; fileRef = 9E7F5D0920C78A88000FB172 /* ImageOptionsViewController.swift */; };
		9E9A64FE20BF96740003752F /* AppDelegate.swift in Sources */ = {isa = PBXBuildFile; fileRef = 9E9A64FD20BF96740003752F /* AppDelegate.swift */; };
		9E9A650820BF96770003752F /* LaunchScreen.storyboard in Resources */ = {isa = PBXBuildFile; fileRef = 9E9A650620BF96770003752F /* LaunchScreen.storyboard */; };
		9E9A651320BF96770003752F /* iOSImageRefinerTests.swift in Sources */ = {isa = PBXBuildFile; fileRef = 9E9A651220BF96770003752F /* iOSImageRefinerTests.swift */; };
		9E9A651E20BF96770003752F /* iOSImageRefinerUITests.swift in Sources */ = {isa = PBXBuildFile; fileRef = 9E9A651D20BF96770003752F /* iOSImageRefinerUITests.swift */; };
		9E9A652E20BF96990003752F /* Main.storyboard in Resources */ = {isa = PBXBuildFile; fileRef = 9E9A652B20BF96980003752F /* Main.storyboard */; };
		9E9A653020BF96990003752F /* ImageEdit.xcassets in Resources */ = {isa = PBXBuildFile; fileRef = 9E9A652D20BF96990003752F /* ImageEdit.xcassets */; };
		9E9A653320BF97490003752F /* ImageEdit.storyboard in Resources */ = {isa = PBXBuildFile; fileRef = 9E9A653120BF97490003752F /* ImageEdit.storyboard */; };
		9E9A653420BF97490003752F /* ImageEdit.swift in Sources */ = {isa = PBXBuildFile; fileRef = 9E9A653220BF97490003752F /* ImageEdit.swift */; };
		9E9A653620BF98630003752F /* ViewController.swift in Sources */ = {isa = PBXBuildFile; fileRef = 9E9A653520BF98630003752F /* ViewController.swift */; };
/* End PBXBuildFile section */

/* Begin PBXContainerItemProxy section */
		9E9A650F20BF96770003752F /* PBXContainerItemProxy */ = {
			isa = PBXContainerItemProxy;
			containerPortal = 9E9A64F220BF96740003752F /* Project object */;
			proxyType = 1;
			remoteGlobalIDString = 9E9A64F920BF96740003752F;
			remoteInfo = iOSImageRefiner;
		};
		9E9A651A20BF96770003752F /* PBXContainerItemProxy */ = {
			isa = PBXContainerItemProxy;
			containerPortal = 9E9A64F220BF96740003752F /* Project object */;
			proxyType = 1;
			remoteGlobalIDString = 9E9A64F920BF96740003752F;
			remoteInfo = iOSImageRefiner;
		};
/* End PBXContainerItemProxy section */

/* Begin PBXFileReference section */
		0D08E7A6DF28A20517622F5A /* Pods-iOSImageRefinerTests.release.xcconfig */ = {isa = PBXFileReference; includeInIndex = 1; lastKnownFileType = text.xcconfig; name = "Pods-iOSImageRefinerTests.release.xcconfig"; path = "Pods/Target Support Files/Pods-iOSImageRefinerTests/Pods-iOSImageRefinerTests.release.xcconfig"; sourceTree = "<group>"; };
		4D2738B4463A4A305B21B230 /* Pods-iOSImageRefinerTests.debug.xcconfig */ = {isa = PBXFileReference; includeInIndex = 1; lastKnownFileType = text.xcconfig; name = "Pods-iOSImageRefinerTests.debug.xcconfig"; path = "Pods/Target Support Files/Pods-iOSImageRefinerTests/Pods-iOSImageRefinerTests.debug.xcconfig"; sourceTree = "<group>"; };
		9E7F5D0920C78A88000FB172 /* ImageOptionsViewController.swift */ = {isa = PBXFileReference; lastKnownFileType = sourcecode.swift; path = ImageOptionsViewController.swift; sourceTree = "<group>"; };
		9E9A64FA20BF96740003752F /* iOSImageRefiner.app */ = {isa = PBXFileReference; explicitFileType = wrapper.application; includeInIndex = 0; path = iOSImageRefiner.app; sourceTree = BUILT_PRODUCTS_DIR; };
		9E9A64FD20BF96740003752F /* AppDelegate.swift */ = {isa = PBXFileReference; lastKnownFileType = sourcecode.swift; path = AppDelegate.swift; sourceTree = "<group>"; };
		9E9A650720BF96770003752F /* Base */ = {isa = PBXFileReference; lastKnownFileType = file.storyboard; name = Base; path = Base.lproj/LaunchScreen.storyboard; sourceTree = "<group>"; };
		9E9A650920BF96770003752F /* Info.plist */ = {isa = PBXFileReference; lastKnownFileType = text.plist.xml; path = Info.plist; sourceTree = "<group>"; };
		9E9A650E20BF96770003752F /* iOSImageRefinerTests.xctest */ = {isa = PBXFileReference; explicitFileType = wrapper.cfbundle; includeInIndex = 0; path = iOSImageRefinerTests.xctest; sourceTree = BUILT_PRODUCTS_DIR; };
		9E9A651220BF96770003752F /* iOSImageRefinerTests.swift */ = {isa = PBXFileReference; lastKnownFileType = sourcecode.swift; path = iOSImageRefinerTests.swift; sourceTree = "<group>"; };
		9E9A651420BF96770003752F /* Info.plist */ = {isa = PBXFileReference; lastKnownFileType = text.plist.xml; path = Info.plist; sourceTree = "<group>"; };
		9E9A651920BF96770003752F /* iOSImageRefinerUITests.xctest */ = {isa = PBXFileReference; explicitFileType = wrapper.cfbundle; includeInIndex = 0; path = iOSImageRefinerUITests.xctest; sourceTree = BUILT_PRODUCTS_DIR; };
		9E9A651D20BF96770003752F /* iOSImageRefinerUITests.swift */ = {isa = PBXFileReference; lastKnownFileType = sourcecode.swift; path = iOSImageRefinerUITests.swift; sourceTree = "<group>"; };
		9E9A651F20BF96770003752F /* Info.plist */ = {isa = PBXFileReference; lastKnownFileType = text.plist.xml; path = Info.plist; sourceTree = "<group>"; };
		9E9A652B20BF96980003752F /* Main.storyboard */ = {isa = PBXFileReference; fileEncoding = 4; lastKnownFileType = file.storyboard; path = Main.storyboard; sourceTree = "<group>"; };
		9E9A652D20BF96990003752F /* ImageEdit.xcassets */ = {isa = PBXFileReference; lastKnownFileType = folder.assetcatalog; path = ImageEdit.xcassets; sourceTree = "<group>"; };
		9E9A653120BF97490003752F /* ImageEdit.storyboard */ = {isa = PBXFileReference; fileEncoding = 4; lastKnownFileType = file.storyboard; path = ImageEdit.storyboard; sourceTree = "<group>"; };
		9E9A653220BF97490003752F /* ImageEdit.swift */ = {isa = PBXFileReference; fileEncoding = 4; lastKnownFileType = sourcecode.swift; path = ImageEdit.swift; sourceTree = "<group>"; };
		9E9A653520BF98630003752F /* ViewController.swift */ = {isa = PBXFileReference; fileEncoding = 4; lastKnownFileType = sourcecode.swift; path = ViewController.swift; sourceTree = "<group>"; };
		B3121FB77A08AD9DC312CAC3 /* Pods-iOSImageRefiner.debug.xcconfig */ = {isa = PBXFileReference; includeInIndex = 1; lastKnownFileType = text.xcconfig; name = "Pods-iOSImageRefiner.debug.xcconfig"; path = "Pods/Target Support Files/Pods-iOSImageRefiner/Pods-iOSImageRefiner.debug.xcconfig"; sourceTree = "<group>"; };
		C872EE3540E9CF85648CE3E3 /* Pods_iOSImageRefiner.framework */ = {isa = PBXFileReference; explicitFileType = wrapper.framework; includeInIndex = 0; path = Pods_iOSImageRefiner.framework; sourceTree = BUILT_PRODUCTS_DIR; };
		CC0F88FC597045EC82A41E38 /* Pods_iOSImageRefinerUITests.framework */ = {isa = PBXFileReference; explicitFileType = wrapper.framework; includeInIndex = 0; path = Pods_iOSImageRefinerUITests.framework; sourceTree = BUILT_PRODUCTS_DIR; };
		D1E5C07C68DED0DB60DA0177 /* Pods_iOSImageRefinerTests.framework */ = {isa = PBXFileReference; explicitFileType = wrapper.framework; includeInIndex = 0; path = Pods_iOSImageRefinerTests.framework; sourceTree = BUILT_PRODUCTS_DIR; };
		DD1797F200A2CD3A21650EF5 /* Pods-iOSImageRefiner.release.xcconfig */ = {isa = PBXFileReference; includeInIndex = 1; lastKnownFileType = text.xcconfig; name = "Pods-iOSImageRefiner.release.xcconfig"; path = "Pods/Target Support Files/Pods-iOSImageRefiner/Pods-iOSImageRefiner.release.xcconfig"; sourceTree = "<group>"; };
		DF11E0C327A870CB47A0228D /* Pods-iOSImageRefinerUITests.debug.xcconfig */ = {isa = PBXFileReference; includeInIndex = 1; lastKnownFileType = text.xcconfig; name = "Pods-iOSImageRefinerUITests.debug.xcconfig"; path = "Pods/Target Support Files/Pods-iOSImageRefinerUITests/Pods-iOSImageRefinerUITests.debug.xcconfig"; sourceTree = "<group>"; };
		E8FEF077317C1F18ADB11608 /* Pods-iOSImageRefinerUITests.release.xcconfig */ = {isa = PBXFileReference; includeInIndex = 1; lastKnownFileType = text.xcconfig; name = "Pods-iOSImageRefinerUITests.release.xcconfig"; path = "Pods/Target Support Files/Pods-iOSImageRefinerUITests/Pods-iOSImageRefinerUITests.release.xcconfig"; sourceTree = "<group>"; };
/* End PBXFileReference section */

/* Begin PBXFrameworksBuildPhase section */
		9E9A64F720BF96740003752F /* Frameworks */ = {
			isa = PBXFrameworksBuildPhase;
			buildActionMask = 2147483647;
			files = (
				5C2A1C13B9AE95F916652361 /* Pods_iOSImageRefiner.framework in Frameworks */,
			);
			runOnlyForDeploymentPostprocessing = 0;
		};
		9E9A650B20BF96770003752F /* Frameworks */ = {
			isa = PBXFrameworksBuildPhase;
			buildActionMask = 2147483647;
			files = (
				7AFCACB6D874E33127594D2B /* Pods_iOSImageRefinerTests.framework in Frameworks */,
			);
			runOnlyForDeploymentPostprocessing = 0;
		};
		9E9A651620BF96770003752F /* Frameworks */ = {
			isa = PBXFrameworksBuildPhase;
			buildActionMask = 2147483647;
			files = (
				022B924BF68FB597368A82D9 /* Pods_iOSImageRefinerUITests.framework in Frameworks */,
			);
			runOnlyForDeploymentPostprocessing = 0;
		};
/* End PBXFrameworksBuildPhase section */

/* Begin PBXGroup section */
		776C5DAA12D05B498E312B57 /* Pods */ = {
			isa = PBXGroup;
			children = (
				B3121FB77A08AD9DC312CAC3 /* Pods-iOSImageRefiner.debug.xcconfig */,
				DD1797F200A2CD3A21650EF5 /* Pods-iOSImageRefiner.release.xcconfig */,
				4D2738B4463A4A305B21B230 /* Pods-iOSImageRefinerTests.debug.xcconfig */,
				0D08E7A6DF28A20517622F5A /* Pods-iOSImageRefinerTests.release.xcconfig */,
				DF11E0C327A870CB47A0228D /* Pods-iOSImageRefinerUITests.debug.xcconfig */,
				E8FEF077317C1F18ADB11608 /* Pods-iOSImageRefinerUITests.release.xcconfig */,
			);
			name = Pods;
			sourceTree = "<group>";
		};
		9E1D785120C35A98006F1BE9 /* ImageEdit */ = {
			isa = PBXGroup;
			children = (
				9E9A652D20BF96990003752F /* ImageEdit.xcassets */,
				9E9A653120BF97490003752F /* ImageEdit.storyboard */,
				9E9A653220BF97490003752F /* ImageEdit.swift */,
				9E7F5D0920C78A88000FB172 /* ImageOptionsViewController.swift */,
			);
			path = ImageEdit;
			sourceTree = "<group>";
		};
		9E9A64F120BF96740003752F = {
			isa = PBXGroup;
			children = (
				9E9A64FC20BF96740003752F /* iOSImageRefiner */,
				9E9A651120BF96770003752F /* iOSImageRefinerTests */,
				9E9A651C20BF96770003752F /* iOSImageRefinerUITests */,
				9E9A64FB20BF96740003752F /* Products */,
				776C5DAA12D05B498E312B57 /* Pods */,
				DB038E662337B5D1124F2B51 /* Frameworks */,
			);
			sourceTree = "<group>";
		};
		9E9A64FB20BF96740003752F /* Products */ = {
			isa = PBXGroup;
			children = (
				9E9A64FA20BF96740003752F /* iOSImageRefiner.app */,
				9E9A650E20BF96770003752F /* iOSImageRefinerTests.xctest */,
				9E9A651920BF96770003752F /* iOSImageRefinerUITests.xctest */,
			);
			name = Products;
			sourceTree = "<group>";
		};
		9E9A64FC20BF96740003752F /* iOSImageRefiner */ = {
			isa = PBXGroup;
			children = (
				9E1D785120C35A98006F1BE9 /* ImageEdit */,
				9E9A64FD20BF96740003752F /* AppDelegate.swift */,
				9E9A650620BF96770003752F /* LaunchScreen.storyboard */,
				9E9A650920BF96770003752F /* Info.plist */,
				9E9A653520BF98630003752F /* ViewController.swift */,
				9E9A652B20BF96980003752F /* Main.storyboard */,
			);
			path = iOSImageRefiner;
			sourceTree = "<group>";
		};
		9E9A651120BF96770003752F /* iOSImageRefinerTests */ = {
			isa = PBXGroup;
			children = (
				9E9A651220BF96770003752F /* iOSImageRefinerTests.swift */,
				9E9A651420BF96770003752F /* Info.plist */,
			);
			path = iOSImageRefinerTests;
			sourceTree = "<group>";
		};
		9E9A651C20BF96770003752F /* iOSImageRefinerUITests */ = {
			isa = PBXGroup;
			children = (
				9E9A651D20BF96770003752F /* iOSImageRefinerUITests.swift */,
				9E9A651F20BF96770003752F /* Info.plist */,
			);
			path = iOSImageRefinerUITests;
			sourceTree = "<group>";
		};
		DB038E662337B5D1124F2B51 /* Frameworks */ = {
			isa = PBXGroup;
			children = (
				C872EE3540E9CF85648CE3E3 /* Pods_iOSImageRefiner.framework */,
				D1E5C07C68DED0DB60DA0177 /* Pods_iOSImageRefinerTests.framework */,
				CC0F88FC597045EC82A41E38 /* Pods_iOSImageRefinerUITests.framework */,
			);
			name = Frameworks;
			sourceTree = "<group>";
		};
/* End PBXGroup section */

/* Begin PBXNativeTarget section */
		9E9A64F920BF96740003752F /* iOSImageRefiner */ = {
			isa = PBXNativeTarget;
			buildConfigurationList = 9E9A652220BF96770003752F /* Build configuration list for PBXNativeTarget "iOSImageRefiner" */;
			buildPhases = (
				99847FF81A47C0D12BF99C24 /* [CP] Check Pods Manifest.lock */,
				9E9A64F620BF96740003752F /* Sources */,
				9E9A64F720BF96740003752F /* Frameworks */,
				9E9A64F820BF96740003752F /* Resources */,
			);
			buildRules = (
			);
			dependencies = (
			);
			name = iOSImageRefiner;
			productName = iOSImageRefiner;
			productReference = 9E9A64FA20BF96740003752F /* iOSImageRefiner.app */;
			productType = "com.apple.product-type.application";
		};
		9E9A650D20BF96770003752F /* iOSImageRefinerTests */ = {
			isa = PBXNativeTarget;
			buildConfigurationList = 9E9A652520BF96770003752F /* Build configuration list for PBXNativeTarget "iOSImageRefinerTests" */;
			buildPhases = (
				FD67D82E2555B40D1EE67CD2 /* [CP] Check Pods Manifest.lock */,
				9E9A650A20BF96770003752F /* Sources */,
				9E9A650B20BF96770003752F /* Frameworks */,
				9E9A650C20BF96770003752F /* Resources */,
			);
			buildRules = (
			);
			dependencies = (
				9E9A651020BF96770003752F /* PBXTargetDependency */,
			);
			name = iOSImageRefinerTests;
			productName = iOSImageRefinerTests;
			productReference = 9E9A650E20BF96770003752F /* iOSImageRefinerTests.xctest */;
			productType = "com.apple.product-type.bundle.unit-test";
		};
		9E9A651820BF96770003752F /* iOSImageRefinerUITests */ = {
			isa = PBXNativeTarget;
			buildConfigurationList = 9E9A652820BF96770003752F /* Build configuration list for PBXNativeTarget "iOSImageRefinerUITests" */;
			buildPhases = (
				817A3D6096E5926BE57382B7 /* [CP] Check Pods Manifest.lock */,
				9E9A651520BF96770003752F /* Sources */,
				9E9A651620BF96770003752F /* Frameworks */,
				9E9A651720BF96770003752F /* Resources */,
			);
			buildRules = (
			);
			dependencies = (
				9E9A651B20BF96770003752F /* PBXTargetDependency */,
			);
			name = iOSImageRefinerUITests;
			productName = iOSImageRefinerUITests;
			productReference = 9E9A651920BF96770003752F /* iOSImageRefinerUITests.xctest */;
			productType = "com.apple.product-type.bundle.ui-testing";
		};
/* End PBXNativeTarget section */

/* Begin PBXProject section */
		9E9A64F220BF96740003752F /* Project object */ = {
			isa = PBXProject;
			attributes = {
				LastSwiftUpdateCheck = 0930;
				LastUpgradeCheck = 0930;
				ORGANIZATIONNAME = "Waggle Bum";
				TargetAttributes = {
					9E9A64F920BF96740003752F = {
						CreatedOnToolsVersion = 9.3.1;
					};
					9E9A650D20BF96770003752F = {
						CreatedOnToolsVersion = 9.3.1;
						TestTargetID = 9E9A64F920BF96740003752F;
					};
					9E9A651820BF96770003752F = {
						CreatedOnToolsVersion = 9.3.1;
						TestTargetID = 9E9A64F920BF96740003752F;
					};
				};
			};
			buildConfigurationList = 9E9A64F520BF96740003752F /* Build configuration list for PBXProject "iOSImageRefiner" */;
			compatibilityVersion = "Xcode 9.3";
			developmentRegion = en;
			hasScannedForEncodings = 0;
			knownRegions = (
				en,
				Base,
			);
			mainGroup = 9E9A64F120BF96740003752F;
			productRefGroup = 9E9A64FB20BF96740003752F /* Products */;
			projectDirPath = "";
			projectRoot = "";
			targets = (
				9E9A64F920BF96740003752F /* iOSImageRefiner */,
				9E9A650D20BF96770003752F /* iOSImageRefinerTests */,
				9E9A651820BF96770003752F /* iOSImageRefinerUITests */,
			);
		};
/* End PBXProject section */

/* Begin PBXResourcesBuildPhase section */
		9E9A64F820BF96740003752F /* Resources */ = {
			isa = PBXResourcesBuildPhase;
			buildActionMask = 2147483647;
			files = (
				9E9A653320BF97490003752F /* ImageEdit.storyboard in Resources */,
				9E9A652E20BF96990003752F /* Main.storyboard in Resources */,
				9E9A650820BF96770003752F /* LaunchScreen.storyboard in Resources */,
				9E9A653020BF96990003752F /* ImageEdit.xcassets in Resources */,
			);
			runOnlyForDeploymentPostprocessing = 0;
		};
		9E9A650C20BF96770003752F /* Resources */ = {
			isa = PBXResourcesBuildPhase;
			buildActionMask = 2147483647;
			files = (
			);
			runOnlyForDeploymentPostprocessing = 0;
		};
		9E9A651720BF96770003752F /* Resources */ = {
			isa = PBXResourcesBuildPhase;
			buildActionMask = 2147483647;
			files = (
			);
			runOnlyForDeploymentPostprocessing = 0;
		};
/* End PBXResourcesBuildPhase section */

/* Begin PBXShellScriptBuildPhase section */
		817A3D6096E5926BE57382B7 /* [CP] Check Pods Manifest.lock */ = {
			isa = PBXShellScriptBuildPhase;
			buildActionMask = 2147483647;
			files = (
			);
			inputPaths = (
				"${PODS_PODFILE_DIR_PATH}/Podfile.lock",
				"${PODS_ROOT}/Manifest.lock",
			);
			name = "[CP] Check Pods Manifest.lock";
			outputPaths = (
				"$(DERIVED_FILE_DIR)/Pods-iOSImageRefinerUITests-checkManifestLockResult.txt",
			);
			runOnlyForDeploymentPostprocessing = 0;
			shellPath = /bin/sh;
			shellScript = "diff \"${PODS_PODFILE_DIR_PATH}/Podfile.lock\" \"${PODS_ROOT}/Manifest.lock\" > /dev/null\nif [ $? != 0 ] ; then\n    # print error to STDERR\n    echo \"error: The sandbox is not in sync with the Podfile.lock. Run 'pod install' or update your CocoaPods installation.\" >&2\n    exit 1\nfi\n# This output is used by Xcode 'outputs' to avoid re-running this script phase.\necho \"SUCCESS\" > \"${SCRIPT_OUTPUT_FILE_0}\"\n";
			showEnvVarsInLog = 0;
		};
		99847FF81A47C0D12BF99C24 /* [CP] Check Pods Manifest.lock */ = {
			isa = PBXShellScriptBuildPhase;
			buildActionMask = 2147483647;
			files = (
			);
			inputPaths = (
				"${PODS_PODFILE_DIR_PATH}/Podfile.lock",
				"${PODS_ROOT}/Manifest.lock",
			);
			name = "[CP] Check Pods Manifest.lock";
			outputPaths = (
				"$(DERIVED_FILE_DIR)/Pods-iOSImageRefiner-checkManifestLockResult.txt",
			);
			runOnlyForDeploymentPostprocessing = 0;
			shellPath = /bin/sh;
			shellScript = "diff \"${PODS_PODFILE_DIR_PATH}/Podfile.lock\" \"${PODS_ROOT}/Manifest.lock\" > /dev/null\nif [ $? != 0 ] ; then\n    # print error to STDERR\n    echo \"error: The sandbox is not in sync with the Podfile.lock. Run 'pod install' or update your CocoaPods installation.\" >&2\n    exit 1\nfi\n# This output is used by Xcode 'outputs' to avoid re-running this script phase.\necho \"SUCCESS\" > \"${SCRIPT_OUTPUT_FILE_0}\"\n";
			showEnvVarsInLog = 0;
		};
		FD67D82E2555B40D1EE67CD2 /* [CP] Check Pods Manifest.lock */ = {
			isa = PBXShellScriptBuildPhase;
			buildActionMask = 2147483647;
			files = (
			);
			inputPaths = (
				"${PODS_PODFILE_DIR_PATH}/Podfile.lock",
				"${PODS_ROOT}/Manifest.lock",
			);
			name = "[CP] Check Pods Manifest.lock";
			outputPaths = (
				"$(DERIVED_FILE_DIR)/Pods-iOSImageRefinerTests-checkManifestLockResult.txt",
			);
			runOnlyForDeploymentPostprocessing = 0;
			shellPath = /bin/sh;
			shellScript = "diff \"${PODS_PODFILE_DIR_PATH}/Podfile.lock\" \"${PODS_ROOT}/Manifest.lock\" > /dev/null\nif [ $? != 0 ] ; then\n    # print error to STDERR\n    echo \"error: The sandbox is not in sync with the Podfile.lock. Run 'pod install' or update your CocoaPods installation.\" >&2\n    exit 1\nfi\n# This output is used by Xcode 'outputs' to avoid re-running this script phase.\necho \"SUCCESS\" > \"${SCRIPT_OUTPUT_FILE_0}\"\n";
			showEnvVarsInLog = 0;
		};
/* End PBXShellScriptBuildPhase section */

/* Begin PBXSourcesBuildPhase section */
		9E9A64F620BF96740003752F /* Sources */ = {
			isa = PBXSourcesBuildPhase;
			buildActionMask = 2147483647;
			files = (
				9E9A653620BF98630003752F /* ViewController.swift in Sources */,
				9E9A653420BF97490003752F /* ImageEdit.swift in Sources */,
				9E7F5D0A20C78A88000FB172 /* ImageOptionsViewController.swift in Sources */,
				9E9A64FE20BF96740003752F /* AppDelegate.swift in Sources */,
			);
			runOnlyForDeploymentPostprocessing = 0;
		};
		9E9A650A20BF96770003752F /* Sources */ = {
			isa = PBXSourcesBuildPhase;
			buildActionMask = 2147483647;
			files = (
				9E9A651320BF96770003752F /* iOSImageRefinerTests.swift in Sources */,
			);
			runOnlyForDeploymentPostprocessing = 0;
		};
		9E9A651520BF96770003752F /* Sources */ = {
			isa = PBXSourcesBuildPhase;
			buildActionMask = 2147483647;
			files = (
				9E9A651E20BF96770003752F /* iOSImageRefinerUITests.swift in Sources */,
			);
			runOnlyForDeploymentPostprocessing = 0;
		};
/* End PBXSourcesBuildPhase section */

/* Begin PBXTargetDependency section */
		9E9A651020BF96770003752F /* PBXTargetDependency */ = {
			isa = PBXTargetDependency;
			target = 9E9A64F920BF96740003752F /* iOSImageRefiner */;
			targetProxy = 9E9A650F20BF96770003752F /* PBXContainerItemProxy */;
		};
		9E9A651B20BF96770003752F /* PBXTargetDependency */ = {
			isa = PBXTargetDependency;
			target = 9E9A64F920BF96740003752F /* iOSImageRefiner */;
			targetProxy = 9E9A651A20BF96770003752F /* PBXContainerItemProxy */;
		};
/* End PBXTargetDependency section */

/* Begin PBXVariantGroup section */
		9E9A650620BF96770003752F /* LaunchScreen.storyboard */ = {
			isa = PBXVariantGroup;
			children = (
				9E9A650720BF96770003752F /* Base */,
			);
			name = LaunchScreen.storyboard;
			sourceTree = "<group>";
		};
/* End PBXVariantGroup section */

/* Begin XCBuildConfiguration section */
		9E9A652020BF96770003752F /* Debug */ = {
			isa = XCBuildConfiguration;
			buildSettings = {
				ALWAYS_SEARCH_USER_PATHS = NO;
				CLANG_ANALYZER_NONNULL = YES;
				CLANG_ANALYZER_NUMBER_OBJECT_CONVERSION = YES_AGGRESSIVE;
				CLANG_CXX_LANGUAGE_STANDARD = "gnu++14";
				CLANG_CXX_LIBRARY = "libc++";
				CLANG_ENABLE_MODULES = YES;
				CLANG_ENABLE_OBJC_ARC = YES;
				CLANG_ENABLE_OBJC_WEAK = YES;
				CLANG_WARN_BLOCK_CAPTURE_AUTORELEASING = YES;
				CLANG_WARN_BOOL_CONVERSION = YES;
				CLANG_WARN_COMMA = YES;
				CLANG_WARN_CONSTANT_CONVERSION = YES;
				CLANG_WARN_DEPRECATED_OBJC_IMPLEMENTATIONS = YES;
				CLANG_WARN_DIRECT_OBJC_ISA_USAGE = YES_ERROR;
				CLANG_WARN_DOCUMENTATION_COMMENTS = YES;
				CLANG_WARN_EMPTY_BODY = YES;
				CLANG_WARN_ENUM_CONVERSION = YES;
				CLANG_WARN_INFINITE_RECURSION = YES;
				CLANG_WARN_INT_CONVERSION = YES;
				CLANG_WARN_NON_LITERAL_NULL_CONVERSION = YES;
				CLANG_WARN_OBJC_IMPLICIT_RETAIN_SELF = YES;
				CLANG_WARN_OBJC_LITERAL_CONVERSION = YES;
				CLANG_WARN_OBJC_ROOT_CLASS = YES_ERROR;
				CLANG_WARN_RANGE_LOOP_ANALYSIS = YES;
				CLANG_WARN_STRICT_PROTOTYPES = YES;
				CLANG_WARN_SUSPICIOUS_MOVE = YES;
				CLANG_WARN_UNGUARDED_AVAILABILITY = YES_AGGRESSIVE;
				CLANG_WARN_UNREACHABLE_CODE = YES;
				CLANG_WARN__DUPLICATE_METHOD_MATCH = YES;
				CODE_SIGN_IDENTITY = "iPhone Developer";
				COPY_PHASE_STRIP = NO;
				DEBUG_INFORMATION_FORMAT = dwarf;
				ENABLE_STRICT_OBJC_MSGSEND = YES;
				ENABLE_TESTABILITY = YES;
				GCC_C_LANGUAGE_STANDARD = gnu11;
				GCC_DYNAMIC_NO_PIC = NO;
				GCC_NO_COMMON_BLOCKS = YES;
				GCC_OPTIMIZATION_LEVEL = 0;
				GCC_PREPROCESSOR_DEFINITIONS = (
					"DEBUG=1",
					"$(inherited)",
				);
				GCC_WARN_64_TO_32_BIT_CONVERSION = YES;
				GCC_WARN_ABOUT_RETURN_TYPE = YES_ERROR;
				GCC_WARN_UNDECLARED_SELECTOR = YES;
				GCC_WARN_UNINITIALIZED_AUTOS = YES_AGGRESSIVE;
				GCC_WARN_UNUSED_FUNCTION = YES;
				GCC_WARN_UNUSED_VARIABLE = YES;
				IPHONEOS_DEPLOYMENT_TARGET = 11.3;
				MTL_ENABLE_DEBUG_INFO = YES;
				ONLY_ACTIVE_ARCH = YES;
				SDKROOT = iphoneos;
				SWIFT_ACTIVE_COMPILATION_CONDITIONS = DEBUG;
				SWIFT_OPTIMIZATION_LEVEL = "-Onone";
			};
			name = Debug;
		};
		9E9A652120BF96770003752F /* Release */ = {
			isa = XCBuildConfiguration;
			buildSettings = {
				ALWAYS_SEARCH_USER_PATHS = NO;
				CLANG_ANALYZER_NONNULL = YES;
				CLANG_ANALYZER_NUMBER_OBJECT_CONVERSION = YES_AGGRESSIVE;
				CLANG_CXX_LANGUAGE_STANDARD = "gnu++14";
				CLANG_CXX_LIBRARY = "libc++";
				CLANG_ENABLE_MODULES = YES;
				CLANG_ENABLE_OBJC_ARC = YES;
				CLANG_ENABLE_OBJC_WEAK = YES;
				CLANG_WARN_BLOCK_CAPTURE_AUTORELEASING = YES;
				CLANG_WARN_BOOL_CONVERSION = YES;
				CLANG_WARN_COMMA = YES;
				CLANG_WARN_CONSTANT_CONVERSION = YES;
				CLANG_WARN_DEPRECATED_OBJC_IMPLEMENTATIONS = YES;
				CLANG_WARN_DIRECT_OBJC_ISA_USAGE = YES_ERROR;
				CLANG_WARN_DOCUMENTATION_COMMENTS = YES;
				CLANG_WARN_EMPTY_BODY = YES;
				CLANG_WARN_ENUM_CONVERSION = YES;
				CLANG_WARN_INFINITE_RECURSION = YES;
				CLANG_WARN_INT_CONVERSION = YES;
				CLANG_WARN_NON_LITERAL_NULL_CONVERSION = YES;
				CLANG_WARN_OBJC_IMPLICIT_RETAIN_SELF = YES;
				CLANG_WARN_OBJC_LITERAL_CONVERSION = YES;
				CLANG_WARN_OBJC_ROOT_CLASS = YES_ERROR;
				CLANG_WARN_RANGE_LOOP_ANALYSIS = YES;
				CLANG_WARN_STRICT_PROTOTYPES = YES;
				CLANG_WARN_SUSPICIOUS_MOVE = YES;
				CLANG_WARN_UNGUARDED_AVAILABILITY = YES_AGGRESSIVE;
				CLANG_WARN_UNREACHABLE_CODE = YES;
				CLANG_WARN__DUPLICATE_METHOD_MATCH = YES;
				CODE_SIGN_IDENTITY = "iPhone Developer";
				COPY_PHASE_STRIP = NO;
				DEBUG_INFORMATION_FORMAT = "dwarf-with-dsym";
				ENABLE_NS_ASSERTIONS = NO;
				ENABLE_STRICT_OBJC_MSGSEND = YES;
				GCC_C_LANGUAGE_STANDARD = gnu11;
				GCC_NO_COMMON_BLOCKS = YES;
				GCC_WARN_64_TO_32_BIT_CONVERSION = YES;
				GCC_WARN_ABOUT_RETURN_TYPE = YES_ERROR;
				GCC_WARN_UNDECLARED_SELECTOR = YES;
				GCC_WARN_UNINITIALIZED_AUTOS = YES_AGGRESSIVE;
				GCC_WARN_UNUSED_FUNCTION = YES;
				GCC_WARN_UNUSED_VARIABLE = YES;
				IPHONEOS_DEPLOYMENT_TARGET = 11.3;
				MTL_ENABLE_DEBUG_INFO = NO;
				SDKROOT = iphoneos;
				SWIFT_COMPILATION_MODE = wholemodule;
				SWIFT_OPTIMIZATION_LEVEL = "-O";
				VALIDATE_PRODUCT = YES;
			};
			name = Release;
		};
		9E9A652320BF96770003752F /* Debug */ = {
			isa = XCBuildConfiguration;
			baseConfigurationReference = B3121FB77A08AD9DC312CAC3 /* Pods-iOSImageRefiner.debug.xcconfig */;
			buildSettings = {
				ASSETCATALOG_COMPILER_APPICON_NAME = AppIcon;
				CODE_SIGN_STYLE = Automatic;
				DEVELOPMENT_TEAM = F5KH5U4JZP;
				INFOPLIST_FILE = iOSImageRefiner/Info.plist;
				LD_RUNPATH_SEARCH_PATHS = (
					"$(inherited)",
					"@executable_path/Frameworks",
				);
				PRODUCT_BUNDLE_IDENTIFIER = com.wagglebum.iOSImageRefiner;
				PRODUCT_NAME = "$(TARGET_NAME)";
				SWIFT_VERSION = 4.0;
				TARGETED_DEVICE_FAMILY = "1,2";
			};
			name = Debug;
		};
		9E9A652420BF96770003752F /* Release */ = {
			isa = XCBuildConfiguration;
			baseConfigurationReference = DD1797F200A2CD3A21650EF5 /* Pods-iOSImageRefiner.release.xcconfig */;
			buildSettings = {
				ASSETCATALOG_COMPILER_APPICON_NAME = AppIcon;
				CODE_SIGN_STYLE = Automatic;
				DEVELOPMENT_TEAM = F5KH5U4JZP;
				INFOPLIST_FILE = iOSImageRefiner/Info.plist;
				LD_RUNPATH_SEARCH_PATHS = (
					"$(inherited)",
					"@executable_path/Frameworks",
				);
				PRODUCT_BUNDLE_IDENTIFIER = com.wagglebum.iOSImageRefiner;
				PRODUCT_NAME = "$(TARGET_NAME)";
				SWIFT_VERSION = 4.0;
				TARGETED_DEVICE_FAMILY = "1,2";
			};
			name = Release;
		};
		9E9A652620BF96770003752F /* Debug */ = {
			isa = XCBuildConfiguration;
			baseConfigurationReference = 4D2738B4463A4A305B21B230 /* Pods-iOSImageRefinerTests.debug.xcconfig */;
			buildSettings = {
				ALWAYS_EMBED_SWIFT_STANDARD_LIBRARIES = YES;
				BUNDLE_LOADER = "$(TEST_HOST)";
				CODE_SIGN_STYLE = Automatic;
				DEVELOPMENT_TEAM = F5KH5U4JZP;
				INFOPLIST_FILE = iOSImageRefinerTests/Info.plist;
				LD_RUNPATH_SEARCH_PATHS = (
					"$(inherited)",
					"@executable_path/Frameworks",
					"@loader_path/Frameworks",
				);
				PRODUCT_BUNDLE_IDENTIFIER = com.wagglebum.iOSImageRefinerTests;
				PRODUCT_NAME = "$(TARGET_NAME)";
				SWIFT_VERSION = 4.0;
				TARGETED_DEVICE_FAMILY = "1,2";
				TEST_HOST = "$(BUILT_PRODUCTS_DIR)/iOSImageRefiner.app/iOSImageRefiner";
			};
			name = Debug;
		};
		9E9A652720BF96770003752F /* Release */ = {
			isa = XCBuildConfiguration;
			baseConfigurationReference = 0D08E7A6DF28A20517622F5A /* Pods-iOSImageRefinerTests.release.xcconfig */;
			buildSettings = {
				ALWAYS_EMBED_SWIFT_STANDARD_LIBRARIES = YES;
				BUNDLE_LOADER = "$(TEST_HOST)";
				CODE_SIGN_STYLE = Automatic;
				DEVELOPMENT_TEAM = F5KH5U4JZP;
				INFOPLIST_FILE = iOSImageRefinerTests/Info.plist;
				LD_RUNPATH_SEARCH_PATHS = (
					"$(inherited)",
					"@executable_path/Frameworks",
					"@loader_path/Frameworks",
				);
				PRODUCT_BUNDLE_IDENTIFIER = com.wagglebum.iOSImageRefinerTests;
				PRODUCT_NAME = "$(TARGET_NAME)";
				SWIFT_VERSION = 4.0;
				TARGETED_DEVICE_FAMILY = "1,2";
				TEST_HOST = "$(BUILT_PRODUCTS_DIR)/iOSImageRefiner.app/iOSImageRefiner";
			};
			name = Release;
		};
		9E9A652920BF96770003752F /* Debug */ = {
			isa = XCBuildConfiguration;
			baseConfigurationReference = DF11E0C327A870CB47A0228D /* Pods-iOSImageRefinerUITests.debug.xcconfig */;
			buildSettings = {
				ALWAYS_EMBED_SWIFT_STANDARD_LIBRARIES = YES;
				CODE_SIGN_STYLE = Automatic;
				DEVELOPMENT_TEAM = F5KH5U4JZP;
				INFOPLIST_FILE = iOSImageRefinerUITests/Info.plist;
				LD_RUNPATH_SEARCH_PATHS = (
					"$(inherited)",
					"@executable_path/Frameworks",
					"@loader_path/Frameworks",
				);
				PRODUCT_BUNDLE_IDENTIFIER = com.wagglebum.iOSImageRefinerUITests;
				PRODUCT_NAME = "$(TARGET_NAME)";
				SWIFT_VERSION = 4.0;
				TARGETED_DEVICE_FAMILY = "1,2";
				TEST_TARGET_NAME = iOSImageRefiner;
			};
			name = Debug;
		};
		9E9A652A20BF96770003752F /* Release */ = {
			isa = XCBuildConfiguration;
			baseConfigurationReference = E8FEF077317C1F18ADB11608 /* Pods-iOSImageRefinerUITests.release.xcconfig */;
			buildSettings = {
				ALWAYS_EMBED_SWIFT_STANDARD_LIBRARIES = YES;
				CODE_SIGN_STYLE = Automatic;
				DEVELOPMENT_TEAM = F5KH5U4JZP;
				INFOPLIST_FILE = iOSImageRefinerUITests/Info.plist;
				LD_RUNPATH_SEARCH_PATHS = (
					"$(inherited)",
					"@executable_path/Frameworks",
					"@loader_path/Frameworks",
				);
				PRODUCT_BUNDLE_IDENTIFIER = com.wagglebum.iOSImageRefinerUITests;
				PRODUCT_NAME = "$(TARGET_NAME)";
				SWIFT_VERSION = 4.0;
				TARGETED_DEVICE_FAMILY = "1,2";
				TEST_TARGET_NAME = iOSImageRefiner;
			};
			name = Release;
		};
/* End XCBuildConfiguration section */

/* Begin XCConfigurationList section */
		9E9A64F520BF96740003752F /* Build configuration list for PBXProject "iOSImageRefiner" */ = {
			isa = XCConfigurationList;
			buildConfigurations = (
				9E9A652020BF96770003752F /* Debug */,
				9E9A652120BF96770003752F /* Release */,
			);
			defaultConfigurationIsVisible = 0;
			defaultConfigurationName = Release;
		};
		9E9A652220BF96770003752F /* Build configuration list for PBXNativeTarget "iOSImageRefiner" */ = {
			isa = XCConfigurationList;
			buildConfigurations = (
				9E9A652320BF96770003752F /* Debug */,
				9E9A652420BF96770003752F /* Release */,
			);
			defaultConfigurationIsVisible = 0;
			defaultConfigurationName = Release;
		};
		9E9A652520BF96770003752F /* Build configuration list for PBXNativeTarget "iOSImageRefinerTests" */ = {
			isa = XCConfigurationList;
			buildConfigurations = (
				9E9A652620BF96770003752F /* Debug */,
				9E9A652720BF96770003752F /* Release */,
			);
			defaultConfigurationIsVisible = 0;
			defaultConfigurationName = Release;
		};
		9E9A652820BF96770003752F /* Build configuration list for PBXNativeTarget "iOSImageRefinerUITests" */ = {
			isa = XCConfigurationList;
			buildConfigurations = (
				9E9A652920BF96770003752F /* Debug */,
				9E9A652A20BF96770003752F /* Release */,
			);
			defaultConfigurationIsVisible = 0;
			defaultConfigurationName = Release;
		};
/* End XCConfigurationList section */
	};
	rootObject = 9E9A64F220BF96740003752F /* Project object */;
}
